<?xml version="1.0" encoding="utf-8"?>
<Project ToolsVersion="4.0" xmlns="http://schemas.microsoft.com/developer/msbuild/2003">
  <ItemGroup>
    <Filter Include="AGK Core">
      <UniqueIdentifier>{d0942d33-b7fa-4acd-bf06-e9a9e4ac7b20}</UniqueIdentifier>
    </Filter>
    <Filter Include="App">
      <UniqueIdentifier>{93995380-89BD-4b04-88EB-625FBE52EBFB}</UniqueIdentifier>
      <Extensions>h;hpp;hxx;hm;inl;inc;xsd</Extensions>
    </Filter>
    <Filter Include="Assets">
      <UniqueIdentifier>{6c332e44-1a2f-4af7-8fae-5b37c5250bea}</UniqueIdentifier>
    </Filter>
    <Filter Include="Vietnam">
      <UniqueIdentifier>{13f7f382-4337-4589-afd4-d97cab149197}</UniqueIdentifier>
    </Filter>
  </ItemGroup>
  <ItemGroup>
    <ClCompile Include="Core.cpp">
      <Filter>AGK Core</Filter>
    </ClCompile>
    <ClCompile Include="BidGame.cpp">
      <Filter>App</Filter>
    </ClCompile>
    <ClCompile Include="Deck.cpp">
      <Filter>App</Filter>
    </ClCompile>
    <ClCompile Include="PinochleGame.cpp">
      <Filter>App</Filter>
    </ClCompile>
    <ClCompile Include="Player.cpp">
      <Filter>App</Filter>
    </ClCompile>
    <ClCompile Include="TrickGame.cpp">
      <Filter>App</Filter>
    </ClCompile>
    <ClCompile Include="Card.cpp">
      <Filter>App</Filter>
    </ClCompile>
    <ClCompile Include="Numbers.cpp">
      <Filter>App</Filter>
    </ClCompile>
    <ClCompile Include="BidControl.cpp">
      <Filter>App</Filter>
    </ClCompile>
    <ClCompile Include="TrumpSelect.cpp">
      <Filter>App</Filter>
    </ClCompile>
    <ClCompile Include="Bubbles.cpp">
      <Filter>App</Filter>
    </ClCompile>
    <ClCompile Include="Buttons.cpp">
      <Filter>App</Filter>
    </ClCompile>
    <ClCompile Include="GameScore.cpp">
      <Filter>App</Filter>
    </ClCompile>
    <ClCompile Include="HandScore.cpp">
      <Filter>App</Filter>
    </ClCompile>
    <ClCompile Include="MyMenu.cpp">
      <Filter>App</Filter>
    </ClCompile>
    <ClCompile Include="Theme.cpp">
      <Filter>App</Filter>
    </ClCompile>
    <ClCompile Include="MyOptions.cpp">
      <Filter>App</Filter>
    </ClCompile>
    <ClCompile Include="Checkbox.cpp">
      <Filter>App</Filter>
    </ClCompile>
    <ClCompile Include="ParentImage.cpp">
      <Filter>App</Filter>
    </ClCompile>
    <ClCompile Include="template.cpp">
      <Filter>App</Filter>
    </ClCompile>
    <ClCompile Include="Core\AnimatedSprite.cpp">
      <Filter>Vietnam</Filter>
    </ClCompile>
    <ClCompile Include="Core\EditBox.cpp">
      <Filter>Vietnam</Filter>
    </ClCompile>
    <ClCompile Include="Core\File.cpp">
      <Filter>Vietnam</Filter>
    </ClCompile>
    <ClCompile Include="Core\HTTP.cpp">
      <Filter>Vietnam</Filter>
    </ClCompile>
    <ClCompile Include="Core\Image.cpp">
      <Filter>Vietnam</Filter>
    </ClCompile>
    <ClCompile Include="Core\Joint.cpp">
      <Filter>Vietnam</Filter>
    </ClCompile>
    <ClCompile Include="Core\Music.cpp">
      <Filter>Vietnam</Filter>
    </ClCompile>
    <ClCompile Include="Core\MyParticles.cpp">
      <Filter>Vietnam</Filter>
    </ClCompile>
    <ClCompile Include="Core\Network.cpp">
      <Filter>Vietnam</Filter>
    </ClCompile>
    <ClCompile Include="Core\NetworkMessage.cpp">
      <Filter>Vietnam</Filter>
    </ClCompile>
    <ClCompile Include="Core\PhysicsForce.cpp">
      <Filter>Vietnam</Filter>
    </ClCompile>
    <ClCompile Include="Core\PhysicsSprite.cpp">
      <Filter>Vietnam</Filter>
    </ClCompile>
    <ClCompile Include="Core\Point.cpp">
      <Filter>Vietnam</Filter>
    </ClCompile>
    <ClCompile Include="Core\RGBA.cpp">
      <Filter>Vietnam</Filter>
    </ClCompile>
    <ClCompile Include="Core\Sound.cpp">
      <Filter>Vietnam</Filter>
    </ClCompile>
    <ClCompile Include="Core\Sprite.cpp">
      <Filter>Vietnam</Filter>
    </ClCompile>
    <ClCompile Include="Core\Text.cpp">
      <Filter>Vietnam</Filter>
    </ClCompile>
    <ClCompile Include="Core\Timer.cpp">
      <Filter>Vietnam</Filter>
    </ClCompile>
    <ClCompile Include="Core\Vector.cpp">
      <Filter>Vietnam</Filter>
    </ClCompile>
    <ClCompile Include="Core\VirtualButton.cpp">
      <Filter>Vietnam</Filter>
    </ClCompile>
    <ClCompile Include="Core\VirtualJoystick.cpp">
      <Filter>Vietnam</Filter>
    </ClCompile>
  </ItemGroup>
  <ItemGroup>
    <ClInclude Include="CoreForApp.h">
      <Filter>AGK Core</Filter>
    </ClInclude>
    <ClInclude Include="template.h">
      <Filter>App</Filter>
    </ClInclude>
    <ClInclude Include="resource.h">
      <Filter>App</Filter>
    </ClInclude>
    <ClInclude Include="TrickGame.h">
      <Filter>App</Filter>
    </ClInclude>
    <ClInclude Include="BidGame.h">
      <Filter>App</Filter>
    </ClInclude>
    <ClInclude Include="Deck.h">
      <Filter>App</Filter>
    </ClInclude>
    <ClInclude Include="PinochleGame.h">
      <Filter>App</Filter>
    </ClInclude>
    <ClInclude Include="Player.h">
      <Filter>App</Filter>
    </ClInclude>
    <ClInclude Include="Card.h">
      <Filter>App</Filter>
    </ClInclude>
    <ClInclude Include="Numbers.h">
      <Filter>App</Filter>
    </ClInclude>
    <ClInclude Include="Theme.h">
      <Filter>App</Filter>
    </ClInclude>
    <ClInclude Include="Buttons.h">
      <Filter>App</Filter>
    </ClInclude>
    <ClInclude Include="TrumpSelect.h">
      <Filter>App</Filter>
    </ClInclude>
    <ClInclude Include="BidControl.h">
      <Filter>App</Filter>
    </ClInclude>
    <ClInclude Include="Bubbles.h">
      <Filter>App</Filter>
    </ClInclude>
    <ClInclude Include="MyMenu.h">
      <Filter>App</Filter>
    </ClInclude>
    <ClInclude Include="HandScore.h">
      <Filter>App</Filter>
    </ClInclude>
    <ClInclude Include="GameScore.h">
      <Filter>App</Filter>
    </ClInclude>
    <ClInclude Include="MyOptions.h">
      <Filter>App</Filter>
    </ClInclude>
    <ClInclude Include="Checkbox.h">
      <Filter>App</Filter>
    </ClInclude>
    <ClInclude Include="ParentImage.h">
      <Filter>App</Filter>
    </ClInclude>
    <ClInclude Include="Core\AnimatedSprite.h">
      <Filter>Vietnam</Filter>
    </ClInclude>
    <ClInclude Include="Core\EditBox.h">
      <Filter>Vietnam</Filter>
    </ClInclude>
    <ClInclude Include="Core\File.h">
      <Filter>Vietnam</Filter>
    </ClInclude>
    <ClInclude Include="Core\HTTP.h">
      <Filter>Vietnam</Filter>
    </ClInclude>
    <ClInclude Include="Core\Image.h">
      <Filter>Vietnam</Filter>
    </ClInclude>
    <ClInclude Include="Core\Joint.h">
      <Filter>Vietnam</Filter>
    </ClInclude>
    <ClInclude Include="Core\Music.h">
      <Filter>Vietnam</Filter>
    </ClInclude>
    <ClInclude Include="Core\MyParticles.h">
      <Filter>Vietnam</Filter>
    </ClInclude>
    <ClInclude Include="Core\Network.h">
      <Filter>Vietnam</Filter>
    </ClInclude>
    <ClInclude Include="Core\NetworkMessage.h">
      <Filter>Vietnam</Filter>
    </ClInclude>
    <ClInclude Include="Core\PhysicsForce.h">
      <Filter>Vietnam</Filter>
    </ClInclude>
    <ClInclude Include="Core\PhysicsSprite.h">
      <Filter>Vietnam</Filter>
    </ClInclude>
    <ClInclude Include="Core\Point.h">
      <Filter>Vietnam</Filter>
    </ClInclude>
    <ClInclude Include="Core\RGBA.h">
      <Filter>Vietnam</Filter>
    </ClInclude>
    <ClInclude Include="Core\Sound.h">
      <Filter>Vietnam</Filter>
    </ClInclude>
    <ClInclude Include="Core\Sprite.h">
      <Filter>Vietnam</Filter>
    </ClInclude>
    <ClInclude Include="Core\Text.h">
      <Filter>Vietnam</Filter>
    </ClInclude>
    <ClInclude Include="Core\Timer.h">
      <Filter>Vietnam</Filter>
    </ClInclude>
    <ClInclude Include="Core\Vector.h">
      <Filter>Vietnam</Filter>
    </ClInclude>
    <ClInclude Include="Core\VirtualButton.h">
      <Filter>Vietnam</Filter>
    </ClInclude>
    <ClInclude Include="Core\VirtualJoystick.h">
      <Filter>Vietnam</Filter>
    </ClInclude>
    <ClInclude Include="Defines.h">
      <Filter>App</Filter>
    </ClInclude>
  </ItemGroup>
  <ItemGroup>
    <None Include="..\..\..\AGK\C_Users_Bobby_Documents_VisualStudio2010_Projects_Double_Pinochle_Debug_DoublePinochleexe\SSDPS.DAT">
      <Filter>Assets</Filter>
    </None>
    <None Include="Bugs.txt">
      <Filter>App</Filter>
    </None>
    <None Include="template.ico">
      <Filter>App</Filter>
    </None>
  </ItemGroup>
  <ItemGroup>
    <ResourceCompile Include="template.rc">
      <Filter>App</Filter>
    </ResourceCompile>
  </ItemGroup>
</Project>